
Microsoft Visual Studio Solution File, Format Version 12.00
Project("{FAE04EC0-301F-11D3-BF4B-00C04F79EFBC}") = "RainfallApiTests", "RainfallApiTests\RainfallApiTests.csproj", "{51DD2784-0321-441B-9FE4-F843BFD77791}"
EndProject
Global
	GlobalSection(SolutionConfigurationPlatforms) = preSolution
		Debug|Any CPU = Debug|Any CPU
		Release|Any CPU = Release|Any CPU
	EndGlobalSection
	GlobalSection(ProjectConfigurationPlatforms) = postSolution
		{51DD2784-0321-441B-9FE4-F843BFD77791}.Debug|Any CPU.ActiveCfg = Debug|Any CPU
		{51DD2784-0321-441B-9FE4-F843BFD77791}.Debug|Any CPU.Build.0 = Debug|Any CPU
		{51DD2784-0321-441B-9FE4-F843BFD77791}.Release|Any CPU.ActiveCfg = Release|Any CPU
		{51DD2784-0321-441B-9FE4-F843BFD77791}.Release|Any CPU.Build.0 = Release|Any CPU
	EndGlobalSection
EndGlobal
